
Microsoft Visual Studio Solution File, Format Version 12.00
# Visual Studio Version 16
VisualStudioVersion = 16.0.30907.101
MinimumVisualStudioVersion = 10.0.40219.1
Project("{FAE04EC0-301F-11D3-BF4B-00C04F79EFBC}") = "WebApplication1", "WebApplication1\WebApplication1.csproj", "{F613407E-5358-43DD-9A11-AB39216E657E}"
EndProject
Global
	GlobalSection(SolutionConfigurationPlatforms) = preSolution
		Debug|Any CPU = Debug|Any CPU
		Release|Any CPU = Release|Any CPU
	EndGlobalSection
	GlobalSection(ProjectConfigurationPlatforms) = postSolution
		{F613407E-5358-43DD-9A11-AB39216E657E}.Debug|Any CPU.ActiveCfg = Debug|Any CPU
		{F613407E-5358-43DD-9A11-AB39216E657E}.Debug|Any CPU.Build.0 = Debug|Any CPU
		{F613407E-5358-43DD-9A11-AB39216E657E}.Release|Any CPU.ActiveCfg = Release|Any CPU
		{F613407E-5358-43DD-9A11-AB39216E657E}.Release|Any CPU.Build.0 = Release|Any CPU
	EndGlobalSection
	GlobalSection(SolutionProperties) = preSolution
		HideSolutionNode = FALSE
	EndGlobalSection
	GlobalSection(ExtensibilityGlobals) = postSolution
		SolutionGuid = {989DD5F7-2817-45A9-A854-D345F3C195E0}
	EndGlobalSection
EndGlobal
